<?xml version="1.0" encoding="utf-8"?>
<Project ToolsVersion="4.0" xmlns="http://schemas.microsoft.com/developer/msbuild/2003">
  <ItemGroup>
    <Filter Include="Source Files">
      <UniqueIdentifier>{4FC737F1-C7A5-4376-A066-2A32D752A2FF}</UniqueIdentifier>
      <Extensions>cpp;c;cc;cxx;def;odl;idl;hpj;bat;asm;asmx</Extensions>
    </Filter>
    <Filter Include="Header Files">
      <UniqueIdentifier>{93995380-89BD-4b04-88EB-625FBE52EBFB}</UniqueIdentifier>
      <Extensions>h;hh;hpp;hxx;hm;inl;inc;xsd</Extensions>
    </Filter>
  </ItemGroup>
  <ItemGroup>
    <Text Include="ReadMe.txt" />
  </ItemGroup>
  <ItemGroup>
    <ClInclude Include="stdafx.h">
      <Filter>Header Files</Filter>
    </ClInclude>
    <ClInclude Include="targetver.h">
      <Filter>Header Files</Filter>
    </ClInclude>
    <ClInclude Include="..\Optimiser\Himmelblau.h">
      <Filter>Header Files</Filter>
    </ClInclude>
    <ClInclude Include="..\Optimiser\Rosenbrock.h">
      <Filter>Header Files</Filter>
    </ClInclude>
    <ClInclude Include="..\Optimiser\Parabolic.h">
      <Filter>Header Files</Filter>
    </ClInclude>
    <ClInclude Include="Exporter.h">
      <Filter>Header Files</Filter>
    </ClInclude>
    <ClInclude Include="..\Optimiser\optimisable.h">
      <Filter>Header Files</Filter>
    </ClInclude>
    <ClInclude Include="..\Optimiser\Deb.h">
      <Filter>Header Files</Filter>
    </ClInclude>
    <ClInclude Include="..\Optimiser\LinearFunction.h">
      <Filter>Header Files</Filter>
    </ClInclude>
    <ClInclude Include="..\Optimiser\FirstConstraint.h">
      <Filter>Header Files</Filter>
    </ClInclude>
    <ClInclude Include="..\Optimiser\constraints.h">
      <Filter>Header Files</Filter>
    </ClInclude>
    <ClInclude Include="..\Optimiser\CompoundPenalty.h">
      <Filter>Header Files</Filter>
    </ClInclude>
    <ClInclude Include="..\Optimiser\CompoundMOM.h">
      <Filter>Header Files</Filter>
    </ClInclude>
    <ClInclude Include="..\Optimiser\NegativeFirstConstraint.h">
      <Filter>Header Files</Filter>
    </ClInclude>
    <ClInclude Include="..\Optimiser\SecondConstraint.h">
      <Filter>Header Files</Filter>
    </ClInclude>
  </ItemGroup>
  <ItemGroup>
    <ClCompile Include="stdafx.cpp">
      <Filter>Source Files</Filter>
    </ClCompile>
    <ClCompile Include="FunctionDLL.cpp">
      <Filter>Source Files</Filter>
    </ClCompile>
    <ClCompile Include="..\Optimiser\Parabolic.cpp">
      <Filter>Source Files</Filter>
    </ClCompile>
    <ClCompile Include="..\Optimiser\Himmelblau.cpp">
      <Filter>Source Files</Filter>
    </ClCompile>
    <ClCompile Include="..\Optimiser\Rosenbrock.cpp">
      <Filter>Source Files</Filter>
    </ClCompile>
    <ClCompile Include="..\Optimiser\Deb.cpp">
      <Filter>Source Files</Filter>
    </ClCompile>
    <ClCompile Include="..\Optimiser\LinearFunction.cpp">
      <Filter>Source Files</Filter>
    </ClCompile>
    <ClCompile Include="..\Optimiser\FirstConstraint.cpp">
      <Filter>Source Files</Filter>
    </ClCompile>
    <ClCompile Include="..\Optimiser\CompoundPenalty.cpp">
      <Filter>Source Files</Filter>
    </ClCompile>
    <ClCompile Include="..\Optimiser\CompoundMOM.cpp">
      <Filter>Source Files</Filter>
    </ClCompile>
    <ClCompile Include="..\Optimiser\NegativeFirstConstraint.cpp">
      <Filter>Source Files</Filter>
    </ClCompile>
    <ClCompile Include="..\Optimiser\SecondConstraint.cpp">
      <Filter>Source Files</Filter>
    </ClCompile>
  </ItemGroup>
</Project>