
Microsoft Visual Studio Solution File, Format Version 12.00
# Visual Studio 15
VisualStudioVersion = 15.0.26430.14
MinimumVisualStudioVersion = 10.0.40219.1
Project("{8BC9CEB8-8B4A-11D0-8D11-00A0C91BC942}") = "OptimiserTestDrive", "OptimiserTestDrive\OptimiserTestDrive.vcxproj", "{9958EF64-2419-4760-8BA7-A073A3F3EE8F}"
	ProjectSection(ProjectDependencies) = postProject
		{E5627284-AA15-4960-91E7-137D88CE4DBE} = {E5627284-AA15-4960-91E7-137D88CE4DBE}
	EndProjectSection
EndProject
Project("{8BC9CEB8-8B4A-11D0-8D11-00A0C91BC942}") = "OptimiserDLL", "OptimiserDLL\OptimiserDLL.vcxproj", "{E5627284-AA15-4960-91E7-137D88CE4DBE}"
EndProject
Project("{8BC9CEB8-8B4A-11D0-8D11-00A0C91BC942}") = "FunctionDLL", "FunctionDLL\FunctionDLL.vcxproj", "{3B341AB7-1BE1-4EEF-9FE6-EDEAC9654808}"
EndProject
Global
	GlobalSection(SolutionConfigurationPlatforms) = preSolution
		Debug|x64 = Debug|x64
		Debug|x86 = Debug|x86
		Release|x64 = Release|x64
		Release|x86 = Release|x86
	EndGlobalSection
	GlobalSection(ProjectConfigurationPlatforms) = postSolution
		{9958EF64-2419-4760-8BA7-A073A3F3EE8F}.Debug|x64.ActiveCfg = Debug|x64
		{9958EF64-2419-4760-8BA7-A073A3F3EE8F}.Debug|x64.Build.0 = Debug|x64
		{9958EF64-2419-4760-8BA7-A073A3F3EE8F}.Debug|x86.ActiveCfg = Debug|Win32
		{9958EF64-2419-4760-8BA7-A073A3F3EE8F}.Debug|x86.Build.0 = Debug|Win32
		{9958EF64-2419-4760-8BA7-A073A3F3EE8F}.Release|x64.ActiveCfg = Release|x64
		{9958EF64-2419-4760-8BA7-A073A3F3EE8F}.Release|x64.Build.0 = Release|x64
		{9958EF64-2419-4760-8BA7-A073A3F3EE8F}.Release|x86.ActiveCfg = Release|Win32
		{9958EF64-2419-4760-8BA7-A073A3F3EE8F}.Release|x86.Build.0 = Release|Win32
		{E5627284-AA15-4960-91E7-137D88CE4DBE}.Debug|x64.ActiveCfg = Debug|x64
		{E5627284-AA15-4960-91E7-137D88CE4DBE}.Debug|x64.Build.0 = Debug|x64
		{E5627284-AA15-4960-91E7-137D88CE4DBE}.Debug|x86.ActiveCfg = Debug|Win32
		{E5627284-AA15-4960-91E7-137D88CE4DBE}.Debug|x86.Build.0 = Debug|Win32
		{E5627284-AA15-4960-91E7-137D88CE4DBE}.Release|x64.ActiveCfg = Release|x64
		{E5627284-AA15-4960-91E7-137D88CE4DBE}.Release|x64.Build.0 = Release|x64
		{E5627284-AA15-4960-91E7-137D88CE4DBE}.Release|x86.ActiveCfg = Release|Win32
		{E5627284-AA15-4960-91E7-137D88CE4DBE}.Release|x86.Build.0 = Release|Win32
		{3B341AB7-1BE1-4EEF-9FE6-EDEAC9654808}.Debug|x64.ActiveCfg = Debug|x64
		{3B341AB7-1BE1-4EEF-9FE6-EDEAC9654808}.Debug|x64.Build.0 = Debug|x64
		{3B341AB7-1BE1-4EEF-9FE6-EDEAC9654808}.Debug|x86.ActiveCfg = Debug|Win32
		{3B341AB7-1BE1-4EEF-9FE6-EDEAC9654808}.Debug|x86.Build.0 = Debug|Win32
		{3B341AB7-1BE1-4EEF-9FE6-EDEAC9654808}.Release|x64.ActiveCfg = Release|x64
		{3B341AB7-1BE1-4EEF-9FE6-EDEAC9654808}.Release|x64.Build.0 = Release|x64
		{3B341AB7-1BE1-4EEF-9FE6-EDEAC9654808}.Release|x86.ActiveCfg = Release|Win32
		{3B341AB7-1BE1-4EEF-9FE6-EDEAC9654808}.Release|x86.Build.0 = Release|Win32
	EndGlobalSection
	GlobalSection(SolutionProperties) = preSolution
		HideSolutionNode = FALSE
	EndGlobalSection
EndGlobal
